
Microsoft Visual Studio Solution File, Format Version 12.00
# Visual Studio Version 17
VisualStudioVersion = 17.4.33403.182
MinimumVisualStudioVersion = 10.0.40219.1
Project("{9A19103F-16F7-4668-BE54-9A1E7A4F7556}") = "A.I.S.A", "A.I.S.A\A.I.S.A.csproj", "{7BD8A1AA-8B3E-45C2-9CA2-2FEAAB71901C}"
EndProject
Project("{2150E333-8FDC-42A3-9474-1A3956D46DE8}") = "Solution Items", "Solution Items", "{E704DD9F-4230-4C20-B8DD-20D731BEF60D}"
	ProjectSection(SolutionItems) = preProject
		.env = .env
		.env.sample = .env.sample
		.gitignore = .gitignore
		digikabu.key = digikabu.key
		OpenAI.API.key = OpenAI.API.key
		prepare.sh = prepare.sh
		provision.sh = provision.sh
	EndProjectSection
EndProject
Project("{9A19103F-16F7-4668-BE54-9A1E7A4F7556}") = "A.I.S.A.Container", "A.I.S.A.Container\A.I.S.A.Container.csproj", "{4FB8A0A6-48F1-4AD6-9EF1-EB350DC9B848}"
EndProject
Project("{E53339B2-1760-4266-BCC7-CA923CBCF16C}") = "docker-compose", "docker-compose.dcproj", "{7514B9A5-618B-406A-B957-32465BE59F92}"
EndProject
Project("{2150E333-8FDC-42A3-9474-1A3956D46DE8}") = "Deployment", "Deployment", "{86504B6A-FD46-4D08-B8EC-FE981CD3E470}"
	ProjectSection(SolutionItems) = preProject
		Deployment\Dockerfile = Deployment\Dockerfile
		Deployment\publish-to-dockerhub.ps1 = Deployment\publish-to-dockerhub.ps1
	EndProjectSection
EndProject
Project("{9A19103F-16F7-4668-BE54-9A1E7A4F7556}") = "A.I.S.A.PythonEngine", "A.I.S.A.PythonEngine\A.I.S.A.PythonEngine.csproj", "{4DB899C5-2530-4698-A7DE-C249C076757C}"
EndProject
Project("{888888A0-9F3D-457C-B088-3A5042F75D52}") = "A.I.S.A.Python", "A.I.S.A.Python\A.I.S.A.Python.pyproj", "{0E6D8AAB-368E-430B-9DAF-3C35FC244528}"
EndProject
Project("{9A19103F-16F7-4668-BE54-9A1E7A4F7556}") = "A.I.S.A.Utils", "A.I.S.A.Utils\A.I.S.A.Utils.csproj", "{098A9440-704A-4F7D-9E1C-387919DC37A6}"
EndProject
Project("{9A19103F-16F7-4668-BE54-9A1E7A4F7556}") = "A.I.S.A.Tests", "A.I.S.A.Tests\A.I.S.A.Tests.csproj", "{F1951664-1753-401E-A83B-F1264C6A81B1}"
EndProject
Project("{9A19103F-16F7-4668-BE54-9A1E7A4F7556}") = "A.I.S.A.RestInterface", "A.I.S.A.RestInterface\A.I.S.A.RestInterface.csproj", "{738F419C-FE5E-4797-A3A4-48322A76E182}"
EndProject
Project("{9A19103F-16F7-4668-BE54-9A1E7A4F7556}") = "A.I.S.A.WebApp", "A.I.S.A.WebApp\A.I.S.A.WebApp.csproj", "{27F2D489-DC0F-4420-A990-B829E80481BD}"
EndProject
Project("{9A19103F-16F7-4668-BE54-9A1E7A4F7556}") = "A.I.S.A.Bot", "A.I.S.A.Bot\A.I.S.A.Bot.csproj", "{209FBF65-6EBF-49D2-AE70-FF242D2B1175}"
EndProject
Global
	GlobalSection(SolutionConfigurationPlatforms) = preSolution
		Debug|Any CPU = Debug|Any CPU
		Release|Any CPU = Release|Any CPU
	EndGlobalSection
	GlobalSection(ProjectConfigurationPlatforms) = postSolution
		{7BD8A1AA-8B3E-45C2-9CA2-2FEAAB71901C}.Debug|Any CPU.ActiveCfg = Debug|Any CPU
		{7BD8A1AA-8B3E-45C2-9CA2-2FEAAB71901C}.Debug|Any CPU.Build.0 = Debug|Any CPU
		{7BD8A1AA-8B3E-45C2-9CA2-2FEAAB71901C}.Release|Any CPU.ActiveCfg = Release|Any CPU
		{7BD8A1AA-8B3E-45C2-9CA2-2FEAAB71901C}.Release|Any CPU.Build.0 = Release|Any CPU
		{4FB8A0A6-48F1-4AD6-9EF1-EB350DC9B848}.Debug|Any CPU.ActiveCfg = Debug|Any CPU
		{4FB8A0A6-48F1-4AD6-9EF1-EB350DC9B848}.Debug|Any CPU.Build.0 = Debug|Any CPU
		{4FB8A0A6-48F1-4AD6-9EF1-EB350DC9B848}.Release|Any CPU.ActiveCfg = Release|Any CPU
		{4FB8A0A6-48F1-4AD6-9EF1-EB350DC9B848}.Release|Any CPU.Build.0 = Release|Any CPU
		{7514B9A5-618B-406A-B957-32465BE59F92}.Debug|Any CPU.ActiveCfg = Debug|Any CPU
		{7514B9A5-618B-406A-B957-32465BE59F92}.Debug|Any CPU.Build.0 = Debug|Any CPU
		{7514B9A5-618B-406A-B957-32465BE59F92}.Release|Any CPU.ActiveCfg = Release|Any CPU
		{7514B9A5-618B-406A-B957-32465BE59F92}.Release|Any CPU.Build.0 = Release|Any CPU
		{4DB899C5-2530-4698-A7DE-C249C076757C}.Debug|Any CPU.ActiveCfg = Debug|Any CPU
		{4DB899C5-2530-4698-A7DE-C249C076757C}.Debug|Any CPU.Build.0 = Debug|Any CPU
		{4DB899C5-2530-4698-A7DE-C249C076757C}.Release|Any CPU.ActiveCfg = Release|Any CPU
		{4DB899C5-2530-4698-A7DE-C249C076757C}.Release|Any CPU.Build.0 = Release|Any CPU
		{0E6D8AAB-368E-430B-9DAF-3C35FC244528}.Debug|Any CPU.ActiveCfg = Debug|Any CPU
		{0E6D8AAB-368E-430B-9DAF-3C35FC244528}.Release|Any CPU.ActiveCfg = Release|Any CPU
		{098A9440-704A-4F7D-9E1C-387919DC37A6}.Debug|Any CPU.ActiveCfg = Debug|Any CPU
		{098A9440-704A-4F7D-9E1C-387919DC37A6}.Debug|Any CPU.Build.0 = Debug|Any CPU
		{098A9440-704A-4F7D-9E1C-387919DC37A6}.Release|Any CPU.ActiveCfg = Release|Any CPU
		{098A9440-704A-4F7D-9E1C-387919DC37A6}.Release|Any CPU.Build.0 = Release|Any CPU
		{F1951664-1753-401E-A83B-F1264C6A81B1}.Debug|Any CPU.ActiveCfg = Debug|Any CPU
		{F1951664-1753-401E-A83B-F1264C6A81B1}.Debug|Any CPU.Build.0 = Debug|Any CPU
		{F1951664-1753-401E-A83B-F1264C6A81B1}.Release|Any CPU.ActiveCfg = Release|Any CPU
		{F1951664-1753-401E-A83B-F1264C6A81B1}.Release|Any CPU.Build.0 = Release|Any CPU
		{738F419C-FE5E-4797-A3A4-48322A76E182}.Debug|Any CPU.ActiveCfg = Debug|Any CPU
		{738F419C-FE5E-4797-A3A4-48322A76E182}.Debug|Any CPU.Build.0 = Debug|Any CPU
		{738F419C-FE5E-4797-A3A4-48322A76E182}.Release|Any CPU.ActiveCfg = Release|Any CPU
		{738F419C-FE5E-4797-A3A4-48322A76E182}.Release|Any CPU.Build.0 = Release|Any CPU
		{27F2D489-DC0F-4420-A990-B829E80481BD}.Debug|Any CPU.ActiveCfg = Debug|Any CPU
		{27F2D489-DC0F-4420-A990-B829E80481BD}.Debug|Any CPU.Build.0 = Debug|Any CPU
		{27F2D489-DC0F-4420-A990-B829E80481BD}.Release|Any CPU.ActiveCfg = Release|Any CPU
		{27F2D489-DC0F-4420-A990-B829E80481BD}.Release|Any CPU.Build.0 = Release|Any CPU
		{209FBF65-6EBF-49D2-AE70-FF242D2B1175}.Debug|Any CPU.ActiveCfg = Debug|Any CPU
		{209FBF65-6EBF-49D2-AE70-FF242D2B1175}.Debug|Any CPU.Build.0 = Debug|Any CPU
		{209FBF65-6EBF-49D2-AE70-FF242D2B1175}.Release|Any CPU.ActiveCfg = Release|Any CPU
		{209FBF65-6EBF-49D2-AE70-FF242D2B1175}.Release|Any CPU.Build.0 = Release|Any CPU
	EndGlobalSection
	GlobalSection(SolutionProperties) = preSolution
		HideSolutionNode = FALSE
	EndGlobalSection
	GlobalSection(ExtensibilityGlobals) = postSolution
		SolutionGuid = {90A514E9-83C2-4D18-B5C0-EBEA6B04343F}
	EndGlobalSection
EndGlobal
