
Microsoft Visual Studio Solution File, Format Version 12.00
# Visual Studio Version 17
VisualStudioVersion = 17.4.33403.182
MinimumVisualStudioVersion = 10.0.40219.1
Project("{9A19103F-16F7-4668-BE54-9A1E7A4F7556}") = "A.I.S.A", "A.I.S.A\A.I.S.A.csproj", "{7BD8A1AA-8B3E-45C2-9CA2-2FEAAB71901C}"
EndProject
Project("{2150E333-8FDC-42A3-9474-1A3956D46DE8}") = "Solution Items", "Solution Items", "{E704DD9F-4230-4C20-B8DD-20D731BEF60D}"
	ProjectSection(SolutionItems) = preProject
		.env = .env
		.env.sample = .env.sample
		.gitignore = .gitignore
		prepare.sh = prepare.sh
		provision.sh = provision.sh
	EndProjectSection
EndProject
Project("{9A19103F-16F7-4668-BE54-9A1E7A4F7556}") = "A.I.S.A.Container", "A.I.S.A.Container\A.I.S.A.Container.csproj", "{4FB8A0A6-48F1-4AD6-9EF1-EB350DC9B848}"
EndProject
Project("{E53339B2-1760-4266-BCC7-CA923CBCF16C}") = "docker-compose", "docker-compose.dcproj", "{7514B9A5-618B-406A-B957-32465BE59F92}"
EndProject
Project("{2150E333-8FDC-42A3-9474-1A3956D46DE8}") = "Deployment", "Deployment", "{86504B6A-FD46-4D08-B8EC-FE981CD3E470}"
	ProjectSection(SolutionItems) = preProject
		Deployment\Dockerfile = Deployment\Dockerfile
		Deployment\publish-to-dockerhub.ps1 = Deployment\publish-to-dockerhub.ps1
	EndProjectSection
EndProject
Global
	GlobalSection(SolutionConfigurationPlatforms) = preSolution
		Debug|Any CPU = Debug|Any CPU
		Release|Any CPU = Release|Any CPU
	EndGlobalSection
	GlobalSection(ProjectConfigurationPlatforms) = postSolution
		{7BD8A1AA-8B3E-45C2-9CA2-2FEAAB71901C}.Debug|Any CPU.ActiveCfg = Debug|Any CPU
		{7BD8A1AA-8B3E-45C2-9CA2-2FEAAB71901C}.Debug|Any CPU.Build.0 = Debug|Any CPU
		{7BD8A1AA-8B3E-45C2-9CA2-2FEAAB71901C}.Release|Any CPU.ActiveCfg = Release|Any CPU
		{7BD8A1AA-8B3E-45C2-9CA2-2FEAAB71901C}.Release|Any CPU.Build.0 = Release|Any CPU
		{4FB8A0A6-48F1-4AD6-9EF1-EB350DC9B848}.Debug|Any CPU.ActiveCfg = Debug|Any CPU
		{4FB8A0A6-48F1-4AD6-9EF1-EB350DC9B848}.Debug|Any CPU.Build.0 = Debug|Any CPU
		{4FB8A0A6-48F1-4AD6-9EF1-EB350DC9B848}.Release|Any CPU.ActiveCfg = Release|Any CPU
		{4FB8A0A6-48F1-4AD6-9EF1-EB350DC9B848}.Release|Any CPU.Build.0 = Release|Any CPU
		{7514B9A5-618B-406A-B957-32465BE59F92}.Debug|Any CPU.ActiveCfg = Debug|Any CPU
		{7514B9A5-618B-406A-B957-32465BE59F92}.Debug|Any CPU.Build.0 = Debug|Any CPU
		{7514B9A5-618B-406A-B957-32465BE59F92}.Release|Any CPU.ActiveCfg = Release|Any CPU
		{7514B9A5-618B-406A-B957-32465BE59F92}.Release|Any CPU.Build.0 = Release|Any CPU
	EndGlobalSection
	GlobalSection(SolutionProperties) = preSolution
		HideSolutionNode = FALSE
	EndGlobalSection
	GlobalSection(ExtensibilityGlobals) = postSolution
		SolutionGuid = {90A514E9-83C2-4D18-B5C0-EBEA6B04343F}
	EndGlobalSection
EndGlobal
